
Microsoft Visual Studio Solution File, Format Version 12.00
# Visual Studio Version 17
VisualStudioVersion = 17.4.33403.182
MinimumVisualStudioVersion = 10.0.40219.1
Project("{FAE04EC0-301F-11D3-BF4B-00C04F79EFBC}") = "CsharpConsoleApp", "CsharpConsoleApp.csproj", "{0956C2DF-9EEA-49F6-AEB1-DC945AFB67BD}"
EndProject
Global
	GlobalSection(SolutionConfigurationPlatforms) = preSolution
		Debug|Any CPU = Debug|Any CPU
		Release|Any CPU = Release|Any CPU
	EndGlobalSection
	GlobalSection(ProjectConfigurationPlatforms) = postSolution
		{0956C2DF-9EEA-49F6-AEB1-DC945AFB67BD}.Debug|Any CPU.ActiveCfg = Debug|Any CPU
		{0956C2DF-9EEA-49F6-AEB1-DC945AFB67BD}.Debug|Any CPU.Build.0 = Debug|Any CPU
		{0956C2DF-9EEA-49F6-AEB1-DC945AFB67BD}.Release|Any CPU.ActiveCfg = Release|Any CPU
		{0956C2DF-9EEA-49F6-AEB1-DC945AFB67BD}.Release|Any CPU.Build.0 = Release|Any CPU
	EndGlobalSection
	GlobalSection(SolutionProperties) = preSolution
		HideSolutionNode = FALSE
	EndGlobalSection
	GlobalSection(ExtensibilityGlobals) = postSolution
		SolutionGuid = {19058256-8A0E-49D6-80EA-289C48375A39}
	EndGlobalSection
EndGlobal
